
Microsoft Visual Studio Solution File, Format Version 11.00
# Visual Studio 2010
Project("{FAE04EC0-301F-11D3-BF4B-00C04F79EFBC}") = "Assembly-CSharp", "Assembly-CSharp.csproj", "{7b093c70-049f-ec5e-2a39-aa2285502a08}"
EndProject
Project("{FAE04EC0-301F-11D3-BF4B-00C04F79EFBC}") = "AstarPathfindingProject", "AstarPathfindingProject.csproj", "{4e42c446-71fb-8bf5-8ac9-f39528b67963}"
EndProject
Project("{FAE04EC0-301F-11D3-BF4B-00C04F79EFBC}") = "AstarPathfindingProjectEditor", "AstarPathfindingProjectEditor.csproj", "{bd99bebe-e380-3889-40df-b98d129e8162}"
EndProject
Project("{FAE04EC0-301F-11D3-BF4B-00C04F79EFBC}") = "PackageToolsEditor", "PackageToolsEditor.csproj", "{1154c2e8-e30b-4c03-e87e-2ab90be3715f}"
EndProject
Global
	GlobalSection(SolutionConfigurationPlatforms) = preSolution
		Debug|Any CPU = Debug|Any CPU
	EndGlobalSection
	GlobalSection(ProjectConfigurationPlatforms) = postSolution
		{7b093c70-049f-ec5e-2a39-aa2285502a08}.Debug|Any CPU.ActiveCfg = Debug|Any CPU
		{7b093c70-049f-ec5e-2a39-aa2285502a08}.Debug|Any CPU.Build.0 = Debug|Any CPU
		{4e42c446-71fb-8bf5-8ac9-f39528b67963}.Debug|Any CPU.ActiveCfg = Debug|Any CPU
		{4e42c446-71fb-8bf5-8ac9-f39528b67963}.Debug|Any CPU.Build.0 = Debug|Any CPU
		{bd99bebe-e380-3889-40df-b98d129e8162}.Debug|Any CPU.ActiveCfg = Debug|Any CPU
		{bd99bebe-e380-3889-40df-b98d129e8162}.Debug|Any CPU.Build.0 = Debug|Any CPU
		{1154c2e8-e30b-4c03-e87e-2ab90be3715f}.Debug|Any CPU.ActiveCfg = Debug|Any CPU
		{1154c2e8-e30b-4c03-e87e-2ab90be3715f}.Debug|Any CPU.Build.0 = Debug|Any CPU
	EndGlobalSection
	GlobalSection(SolutionProperties) = preSolution
		HideSolutionNode = FALSE
	EndGlobalSection
EndGlobal
