
Microsoft Visual Studio Solution File, Format Version 12.00
# Visual Studio 15
Project("{FAE04EC0-301F-11D3-BF4B-00C04F79EFBC}") = "UnityEngine.TestRunner", "UnityEngine.TestRunner.csproj", "{0DED9863-5913-48B6-D35D-3B8CCB1A5C76}"
EndProject
Project("{FAE04EC0-301F-11D3-BF4B-00C04F79EFBC}") = "UnityEngine.UI", "UnityEngine.UI.csproj", "{2C810089-A094-4B37-4C73-431A4801A540}"
EndProject
Project("{FAE04EC0-301F-11D3-BF4B-00C04F79EFBC}") = "Unity.VisualScripting.Flow", "Unity.VisualScripting.Flow.csproj", "{2CF238AB-DB7A-6264-1E29-889CF9CD96D4}"
EndProject
Project("{FAE04EC0-301F-11D3-BF4B-00C04F79EFBC}") = "Unity.Mathematics", "Unity.Mathematics.csproj", "{9A7768C1-5C6B-4C23-0C67-22D6C19D7D7E}"
EndProject
Project("{FAE04EC0-301F-11D3-BF4B-00C04F79EFBC}") = "Unity.Services.Core.Telemetry", "Unity.Services.Core.Telemetry.csproj", "{449EA27D-92C8-3031-EC4F-8CB075158C35}"
EndProject
Project("{FAE04EC0-301F-11D3-BF4B-00C04F79EFBC}") = "Unity.VisualScripting.State", "Unity.VisualScripting.State.csproj", "{70E82CD9-7B72-EAF7-EC36-9270AD547CC2}"
EndProject
Project("{FAE04EC0-301F-11D3-BF4B-00C04F79EFBC}") = "Unity.VisualScripting.Core", "Unity.VisualScripting.Core.csproj", "{8D6F7040-B46E-0C90-8C28-936852D1B998}"
EndProject
Project("{FAE04EC0-301F-11D3-BF4B-00C04F79EFBC}") = "Unity.Services.Core.Environments.Internal", "Unity.Services.Core.Environments.Internal.csproj", "{BDA2E095-4446-3EC2-B90E-0F9301BD6964}"
EndProject
Project("{FAE04EC0-301F-11D3-BF4B-00C04F79EFBC}") = "Unity.Burst", "Unity.Burst.csproj", "{1442109D-0630-A782-B51D-9161537DDBC2}"
EndProject
Project("{FAE04EC0-301F-11D3-BF4B-00C04F79EFBC}") = "Unity.2D.Animation.Runtime", "Unity.2D.Animation.Runtime.csproj", "{BC2D95B3-6610-4BB5-261D-C3D6F1E83BAE}"
EndProject
Project("{FAE04EC0-301F-11D3-BF4B-00C04F79EFBC}") = "Unity.TextMeshPro", "Unity.TextMeshPro.csproj", "{664DA68B-78FE-A085-91F1-182CDE4818CA}"
EndProject
Project("{FAE04EC0-301F-11D3-BF4B-00C04F79EFBC}") = "Unity.Timeline", "Unity.Timeline.csproj", "{79322094-551D-FF62-3AE5-116086DE846E}"
EndProject
Project("{FAE04EC0-301F-11D3-BF4B-00C04F79EFBC}") = "Unity.Services.Core", "Unity.Services.Core.csproj", "{663D6549-7B01-FFBA-7848-69BB0E6AE669}"
EndProject
Project("{FAE04EC0-301F-11D3-BF4B-00C04F79EFBC}") = "Unity.Services.Core.Environments", "Unity.Services.Core.Environments.csproj", "{466B8467-8AAA-7BB4-68FA-2F5A574E7026}"
EndProject
Project("{FAE04EC0-301F-11D3-BF4B-00C04F79EFBC}") = "Unity.Services.Core.Internal", "Unity.Services.Core.Internal.csproj", "{21BADA40-67B7-BACA-AB59-652C90634DF5}"
EndProject
Project("{FAE04EC0-301F-11D3-BF4B-00C04F79EFBC}") = "Unity.Services.Core.Analytics", "Unity.Services.Core.Analytics.csproj", "{3DD11EB9-52B3-AB5E-0978-70BC77E63B55}"
EndProject
Project("{FAE04EC0-301F-11D3-BF4B-00C04F79EFBC}") = "Unity.2D.SpriteShape.Runtime", "Unity.2D.SpriteShape.Runtime.csproj", "{00C680B9-E769-C897-1E13-2C4D29196697}"
EndProject
Project("{FAE04EC0-301F-11D3-BF4B-00C04F79EFBC}") = "Unity.Services.Core.Scheduler", "Unity.Services.Core.Scheduler.csproj", "{5F048418-72D9-5C53-AC17-ABAE86A06F8C}"
EndProject
Project("{FAE04EC0-301F-11D3-BF4B-00C04F79EFBC}") = "Unity.Services.Core.Registration", "Unity.Services.Core.Registration.csproj", "{4C4E3709-B06C-56C7-7D10-79F0BE6BCD20}"
EndProject
Project("{FAE04EC0-301F-11D3-BF4B-00C04F79EFBC}") = "Unity.2D.PixelPerfect", "Unity.2D.PixelPerfect.csproj", "{24F532CF-8BCC-FFB9-82AF-51DE29993131}"
EndProject
Project("{FAE04EC0-301F-11D3-BF4B-00C04F79EFBC}") = "Unity.2D.Common.Runtime", "Unity.2D.Common.Runtime.csproj", "{F60EA767-9CAD-0EF3-5A1C-C756D1520AB3}"
EndProject
Project("{FAE04EC0-301F-11D3-BF4B-00C04F79EFBC}") = "Unity.2D.IK.Runtime", "Unity.2D.IK.Runtime.csproj", "{1F4B71F8-1082-22A5-DA4C-EF856FD16D4A}"
EndProject
Project("{FAE04EC0-301F-11D3-BF4B-00C04F79EFBC}") = "Unity.Services.Core.Device", "Unity.Services.Core.Device.csproj", "{512ED0F3-B438-D661-ABF9-8E73FAE2C0D7}"
EndProject
Project("{FAE04EC0-301F-11D3-BF4B-00C04F79EFBC}") = "Unity.Services.Core.Threading", "Unity.Services.Core.Threading.csproj", "{07A1991D-EE12-1571-0D6F-E246E7294296}"
EndProject
Project("{FAE04EC0-301F-11D3-BF4B-00C04F79EFBC}") = "Unity.2D.Tilemap.Extras", "Unity.2D.Tilemap.Extras.csproj", "{E772B38B-3FDF-98A1-79C3-F5C973ABE9D7}"
EndProject
Project("{FAE04EC0-301F-11D3-BF4B-00C04F79EFBC}") = "Unity.Services.Core.Networking", "Unity.Services.Core.Networking.csproj", "{17B6761D-2779-5FDB-03A0-566085EF69F0}"
EndProject
Project("{FAE04EC0-301F-11D3-BF4B-00C04F79EFBC}") = "Unity.InternalAPIEngineBridge.001", "Unity.InternalAPIEngineBridge.001.csproj", "{B654F723-3BAD-4B0D-8DB5-7EA9466BE917}"
EndProject
Project("{FAE04EC0-301F-11D3-BF4B-00C04F79EFBC}") = "Unity.Services.Core.Configuration", "Unity.Services.Core.Configuration.csproj", "{2E89685E-EEC4-6279-FA95-1F89E476D3C7}"
EndProject
Project("{FAE04EC0-301F-11D3-BF4B-00C04F79EFBC}") = "Assembly-CSharp", "Assembly-CSharp.csproj", "{703C097B-9F04-5EEC-2A39-AA2285502A08}"
EndProject
Project("{FAE04EC0-301F-11D3-BF4B-00C04F79EFBC}") = "Unity.PlasticSCM.Editor", "Unity.PlasticSCM.Editor.csproj", "{711C2ADC-26BC-C5EB-1853-FAAE4A46682A}"
EndProject
Project("{FAE04EC0-301F-11D3-BF4B-00C04F79EFBC}") = "Unity.VisualScripting.Core.Editor", "Unity.VisualScripting.Core.Editor.csproj", "{C6DE5E72-41F6-21D0-91E9-2AE062528F10}"
EndProject
Project("{FAE04EC0-301F-11D3-BF4B-00C04F79EFBC}") = "Unity.VisualScripting.Flow.Editor", "Unity.VisualScripting.Flow.Editor.csproj", "{56FE0E89-B6BC-EB27-A722-3EBA49ED2B90}"
EndProject
Project("{FAE04EC0-301F-11D3-BF4B-00C04F79EFBC}") = "Unity.VisualStudio.Editor", "Unity.VisualStudio.Editor.csproj", "{C770AC98-7FC6-32FE-35CA-E6264ECE6DFD}"
EndProject
Project("{FAE04EC0-301F-11D3-BF4B-00C04F79EFBC}") = "Unity.Timeline.Editor", "Unity.Timeline.Editor.csproj", "{AD605A7A-6760-3FDF-1C78-E293DDC018B9}"
EndProject
Project("{FAE04EC0-301F-11D3-BF4B-00C04F79EFBC}") = "Unity.VisualScripting.State.Editor", "Unity.VisualScripting.State.Editor.csproj", "{DF871637-0B31-90A8-CC33-93E31458EE18}"
EndProject
Project("{FAE04EC0-301F-11D3-BF4B-00C04F79EFBC}") = "Unity.TextMeshPro.Editor", "Unity.TextMeshPro.Editor.csproj", "{D7926264-F046-AA45-9B1B-990134B2A5DE}"
EndProject
Project("{FAE04EC0-301F-11D3-BF4B-00C04F79EFBC}") = "Unity.2D.Animation.Editor", "Unity.2D.Animation.Editor.csproj", "{6268D473-1C1D-8B69-EEA4-87665D719A67}"
EndProject
Project("{FAE04EC0-301F-11D3-BF4B-00C04F79EFBC}") = "Unity.VisualScripting.SettingsProvider.Editor", "Unity.VisualScripting.SettingsProvider.Editor.csproj", "{61A845DD-1DFE-8EE5-5543-DE9BF362F530}"
EndProject
Project("{FAE04EC0-301F-11D3-BF4B-00C04F79EFBC}") = "Unity.CollabProxy.Editor", "Unity.CollabProxy.Editor.csproj", "{80C1FC91-DD50-A4F8-CC13-573EA68247A8}"
EndProject
Project("{FAE04EC0-301F-11D3-BF4B-00C04F79EFBC}") = "UnityEditor.TestRunner", "UnityEditor.TestRunner.csproj", "{A8FF149D-84C8-3323-36B4-5079AFBDAE89}"
EndProject
Project("{FAE04EC0-301F-11D3-BF4B-00C04F79EFBC}") = "Unity.2D.Tilemap.Editor", "Unity.2D.Tilemap.Editor.csproj", "{B4E193B6-E8DC-B46F-E2EE-6774F1B63B0E}"
EndProject
Project("{FAE04EC0-301F-11D3-BF4B-00C04F79EFBC}") = "Unity.Services.Core.Editor", "Unity.Services.Core.Editor.csproj", "{AA2D496B-B480-8A21-BF5C-8C63C4670CBA}"
EndProject
Project("{FAE04EC0-301F-11D3-BF4B-00C04F79EFBC}") = "Unity.Rider.Editor", "Unity.Rider.Editor.csproj", "{7707E4BA-6EAA-D550-EB42-3EDB88933882}"
EndProject
Project("{FAE04EC0-301F-11D3-BF4B-00C04F79EFBC}") = "Unity.2D.Path.Editor", "Unity.2D.Path.Editor.csproj", "{E4CC8035-E2AD-E671-B5C1-D64ED1AA2E31}"
EndProject
Project("{FAE04EC0-301F-11D3-BF4B-00C04F79EFBC}") = "PsdPlugin", "PsdPlugin.csproj", "{5143DC08-07AA-98A7-EAB0-E3D1CBC84AB3}"
EndProject
Project("{FAE04EC0-301F-11D3-BF4B-00C04F79EFBC}") = "Unity.2D.IK.Editor", "Unity.2D.IK.Editor.csproj", "{09F3D736-9C74-C23F-C2AA-C66B8B9EDEC2}"
EndProject
Project("{FAE04EC0-301F-11D3-BF4B-00C04F79EFBC}") = "Unity.2D.Psdimporter.Editor", "Unity.2D.Psdimporter.Editor.csproj", "{86F19006-FF9F-1548-431E-47C1A9C883D3}"
EndProject
Project("{FAE04EC0-301F-11D3-BF4B-00C04F79EFBC}") = "Unity.2D.SpriteShape.Editor", "Unity.2D.SpriteShape.Editor.csproj", "{AFB2EF3E-ED37-693B-A0F4-F97B029F1F92}"
EndProject
Project("{FAE04EC0-301F-11D3-BF4B-00C04F79EFBC}") = "Unity.Burst.CodeGen", "Unity.Burst.CodeGen.csproj", "{7322B22C-D789-50D2-7044-5C715E196617}"
EndProject
Project("{FAE04EC0-301F-11D3-BF4B-00C04F79EFBC}") = "Unity.2D.PixelPerfect.Editor", "Unity.2D.PixelPerfect.Editor.csproj", "{3EAC7E2D-FAE7-E1EA-7DF8-3F91CE773ED8}"
EndProject
Project("{FAE04EC0-301F-11D3-BF4B-00C04F79EFBC}") = "Unity.VSCode.Editor", "Unity.VSCode.Editor.csproj", "{7B86BFCF-2D91-9777-2F3D-3380C0171C75}"
EndProject
Project("{FAE04EC0-301F-11D3-BF4B-00C04F79EFBC}") = "Unity.2D.Sprite.Editor", "Unity.2D.Sprite.Editor.csproj", "{9CD5EC06-F672-3DDB-D3BE-D6927F736011}"
EndProject
Project("{FAE04EC0-301F-11D3-BF4B-00C04F79EFBC}") = "UnityEditor.UI", "UnityEditor.UI.csproj", "{FBD181D9-8B0C-67E8-75B2-F24A0429A8D0}"
EndProject
Project("{FAE04EC0-301F-11D3-BF4B-00C04F79EFBC}") = "Unity.2D.Common.Editor", "Unity.2D.Common.Editor.csproj", "{D8EC8F4B-4329-3629-AE24-6BE0F99AA880}"
EndProject
Project("{FAE04EC0-301F-11D3-BF4B-00C04F79EFBC}") = "Unity.Mathematics.Editor", "Unity.Mathematics.Editor.csproj", "{89AA2DCD-6DE0-1353-F8ED-C6C6D1553CCA}"
EndProject
Project("{FAE04EC0-301F-11D3-BF4B-00C04F79EFBC}") = "Unity.Services.Core.Configuration.Editor", "Unity.Services.Core.Configuration.Editor.csproj", "{5A348CE2-7FCF-998E-7E65-BFBBC22CC5B7}"
EndProject
Project("{FAE04EC0-301F-11D3-BF4B-00C04F79EFBC}") = "Unity.2D.Tilemap.Extras.Editor", "Unity.2D.Tilemap.Extras.Editor.csproj", "{F8E26BC9-951B-1FAE-0FBE-BEB1B5F2B772}"
EndProject
Project("{FAE04EC0-301F-11D3-BF4B-00C04F79EFBC}") = "Unity.Burst.Editor", "Unity.Burst.Editor.csproj", "{9EBDE830-9608-0B47-2D80-3CD0D5976D0E}"
EndProject
Project("{FAE04EC0-301F-11D3-BF4B-00C04F79EFBC}") = "Unity.InternalAPIEditorBridge.001", "Unity.InternalAPIEditorBridge.001.csproj", "{402F3962-F3FB-19E7-D87F-93B0B9ABBE97}"
EndProject
Project("{FAE04EC0-301F-11D3-BF4B-00C04F79EFBC}") = "Unity.VisualScripting.Shared.Editor", "Unity.VisualScripting.Shared.Editor.csproj", "{B68C977B-B15D-06D5-8E86-D462B44C10AE}"
EndProject
Project("{FAE04EC0-301F-11D3-BF4B-00C04F79EFBC}") = "UnityEngine.TestRunner", "UnityEngine.TestRunner.Player.csproj", "{DE13B986-3E2B-F212-8F29-31EF0B3EF0F2}"
EndProject
Project("{FAE04EC0-301F-11D3-BF4B-00C04F79EFBC}") = "UnityEngine.UI", "UnityEngine.UI.Player.csproj", "{A67E94E2-98FD-DC6C-2871-07A7F44A8C97}"
EndProject
Project("{FAE04EC0-301F-11D3-BF4B-00C04F79EFBC}") = "Unity.VisualScripting.Flow", "Unity.VisualScripting.Flow.Player.csproj", "{AA934889-4A86-4E26-4E4F-C47DBF716A44}"
EndProject
Project("{FAE04EC0-301F-11D3-BF4B-00C04F79EFBC}") = "Unity.Mathematics", "Unity.Mathematics.Player.csproj", "{0BDAD5E6-CF69-59D4-3C13-31BE5BED60C9}"
EndProject
Project("{FAE04EC0-301F-11D3-BF4B-00C04F79EFBC}") = "Unity.Services.Core.Telemetry", "Unity.Services.Core.Telemetry.Player.csproj", "{24578DA6-B94D-58D9-EFF4-60215CBCEB62}"
EndProject
Project("{FAE04EC0-301F-11D3-BF4B-00C04F79EFBC}") = "Unity.VisualScripting.State", "Unity.VisualScripting.State.Player.csproj", "{E0AD2922-2E78-386F-DA52-3383A8A7CE96}"
EndProject
Project("{FAE04EC0-301F-11D3-BF4B-00C04F79EFBC}") = "Unity.VisualScripting.Core", "Unity.VisualScripting.Core.Player.csproj", "{E7689FB6-D05C-20DB-B4CB-F39A150A18C6}"
EndProject
Project("{FAE04EC0-301F-11D3-BF4B-00C04F79EFBC}") = "Unity.Services.Core.Environments.Internal", "Unity.Services.Core.Environments.Internal.Player.csproj", "{04249F9F-70F3-284F-F369-006774308004}"
EndProject
Project("{FAE04EC0-301F-11D3-BF4B-00C04F79EFBC}") = "Unity.Burst", "Unity.Burst.Player.csproj", "{19393DE9-8D3D-8B7D-5D77-F688AB516444}"
EndProject
Project("{FAE04EC0-301F-11D3-BF4B-00C04F79EFBC}") = "Unity.2D.Animation.Runtime", "Unity.2D.Animation.Runtime.Player.csproj", "{EAB12992-831A-4E00-4FAF-3C1B2BB03277}"
EndProject
Project("{FAE04EC0-301F-11D3-BF4B-00C04F79EFBC}") = "Unity.TextMeshPro", "Unity.TextMeshPro.Player.csproj", "{72E037FD-B3D8-FDA2-94BB-91491930618B}"
EndProject
Project("{FAE04EC0-301F-11D3-BF4B-00C04F79EFBC}") = "Unity.Timeline", "Unity.Timeline.Player.csproj", "{CF6996A3-8C21-9BF5-E5EA-574EED2376A7}"
EndProject
Project("{FAE04EC0-301F-11D3-BF4B-00C04F79EFBC}") = "Unity.Services.Core", "Unity.Services.Core.Player.csproj", "{48E004F1-1973-A1CC-D19B-8C7F69E30C0B}"
EndProject
Project("{FAE04EC0-301F-11D3-BF4B-00C04F79EFBC}") = "Unity.Services.Core.Environments", "Unity.Services.Core.Environments.Player.csproj", "{E7C63937-B1D3-8168-2AE0-CDD1129F9248}"
EndProject
Project("{FAE04EC0-301F-11D3-BF4B-00C04F79EFBC}") = "Unity.Services.Core.Internal", "Unity.Services.Core.Internal.Player.csproj", "{ABC8384C-21DA-86D5-5E37-C7EBD74697A2}"
EndProject
Project("{FAE04EC0-301F-11D3-BF4B-00C04F79EFBC}") = "Unity.Services.Core.Analytics", "Unity.Services.Core.Analytics.Player.csproj", "{F30F9342-96FD-79F6-3663-932007157005}"
EndProject
Project("{FAE04EC0-301F-11D3-BF4B-00C04F79EFBC}") = "Unity.2D.SpriteShape.Runtime", "Unity.2D.SpriteShape.Runtime.Player.csproj", "{1A8987FC-5310-F021-F823-B9BC2EB44567}"
EndProject
Project("{FAE04EC0-301F-11D3-BF4B-00C04F79EFBC}") = "Unity.Services.Core.Scheduler", "Unity.Services.Core.Scheduler.Player.csproj", "{B5D3876E-232B-1486-A97E-29C01AB3F26E}"
EndProject
Project("{FAE04EC0-301F-11D3-BF4B-00C04F79EFBC}") = "Unity.Services.Core.Registration", "Unity.Services.Core.Registration.Player.csproj", "{E9CA54C4-B6FC-18A7-3B79-5BBEA90306AC}"
EndProject
Project("{FAE04EC0-301F-11D3-BF4B-00C04F79EFBC}") = "Unity.2D.PixelPerfect", "Unity.2D.PixelPerfect.Player.csproj", "{D7A4C970-EB26-3E83-BEDB-A3FF4DC36338}"
EndProject
Project("{FAE04EC0-301F-11D3-BF4B-00C04F79EFBC}") = "Unity.2D.Common.Runtime", "Unity.2D.Common.Runtime.Player.csproj", "{EAEB7166-D522-EF38-1982-FD28525D0D76}"
EndProject
Project("{FAE04EC0-301F-11D3-BF4B-00C04F79EFBC}") = "Unity.2D.IK.Runtime", "Unity.2D.IK.Runtime.Player.csproj", "{694BE0D3-DF6A-46CE-CB4B-7C8E9D3DF3CB}"
EndProject
Project("{FAE04EC0-301F-11D3-BF4B-00C04F79EFBC}") = "Unity.Services.Core.Device", "Unity.Services.Core.Device.Player.csproj", "{1C3C81D7-E1CB-F7D6-7688-8C32FE5AD8BC}"
EndProject
Project("{FAE04EC0-301F-11D3-BF4B-00C04F79EFBC}") = "Unity.Services.Core.Threading", "Unity.Services.Core.Threading.Player.csproj", "{FADC5AF5-99BD-BEE1-51D1-9A3DE8267E55}"
EndProject
Project("{FAE04EC0-301F-11D3-BF4B-00C04F79EFBC}") = "Unity.2D.Tilemap.Extras", "Unity.2D.Tilemap.Extras.Player.csproj", "{6DA1D2F1-F611-7ED9-B746-8BFB5CC05F43}"
EndProject
Project("{FAE04EC0-301F-11D3-BF4B-00C04F79EFBC}") = "Unity.Services.Core.Networking", "Unity.Services.Core.Networking.Player.csproj", "{44B771D5-7C0D-D92C-B88F-3F5A788FDFB7}"
EndProject
Project("{FAE04EC0-301F-11D3-BF4B-00C04F79EFBC}") = "Unity.InternalAPIEngineBridge.001", "Unity.InternalAPIEngineBridge.001.Player.csproj", "{E92E1FD6-BD20-9FE3-E97C-445CD89909FE}"
EndProject
Project("{FAE04EC0-301F-11D3-BF4B-00C04F79EFBC}") = "Unity.Services.Core.Configuration", "Unity.Services.Core.Configuration.Player.csproj", "{4A0F3111-6C35-C004-45D1-03B234F53310}"
EndProject
Project("{FAE04EC0-301F-11D3-BF4B-00C04F79EFBC}") = "Assembly-CSharp", "Assembly-CSharp.Player.csproj", "{96E62C90-E0C1-7B9D-099A-C7D241361F69}"
EndProject
Global
	GlobalSection(SolutionConfigurationPlatforms) = preSolution
		Debug|Any CPU = Debug|Any CPU
		Release|Any CPU = Release|Any CPU
	EndGlobalSection
	GlobalSection(ProjectConfigurationPlatforms) = postSolution
		{0DED9863-5913-48B6-D35D-3B8CCB1A5C76}.Debug|Any CPU.ActiveCfg = Debug|Any CPU
		{0DED9863-5913-48B6-D35D-3B8CCB1A5C76}.Debug|Any CPU.Build.0 = Debug|Any CPU
		{0DED9863-5913-48B6-D35D-3B8CCB1A5C76}.Release|Any CPU.ActiveCfg = Release|Any CPU
		{0DED9863-5913-48B6-D35D-3B8CCB1A5C76}.Release|Any CPU.Build.0 = Release|Any CPU
		{2C810089-A094-4B37-4C73-431A4801A540}.Debug|Any CPU.ActiveCfg = Debug|Any CPU
		{2C810089-A094-4B37-4C73-431A4801A540}.Debug|Any CPU.Build.0 = Debug|Any CPU
		{2C810089-A094-4B37-4C73-431A4801A540}.Release|Any CPU.ActiveCfg = Release|Any CPU
		{2C810089-A094-4B37-4C73-431A4801A540}.Release|Any CPU.Build.0 = Release|Any CPU
		{2CF238AB-DB7A-6264-1E29-889CF9CD96D4}.Debug|Any CPU.ActiveCfg = Debug|Any CPU
		{2CF238AB-DB7A-6264-1E29-889CF9CD96D4}.Debug|Any CPU.Build.0 = Debug|Any CPU
		{2CF238AB-DB7A-6264-1E29-889CF9CD96D4}.Release|Any CPU.ActiveCfg = Release|Any CPU
		{2CF238AB-DB7A-6264-1E29-889CF9CD96D4}.Release|Any CPU.Build.0 = Release|Any CPU
		{9A7768C1-5C6B-4C23-0C67-22D6C19D7D7E}.Debug|Any CPU.ActiveCfg = Debug|Any CPU
		{9A7768C1-5C6B-4C23-0C67-22D6C19D7D7E}.Debug|Any CPU.Build.0 = Debug|Any CPU
		{9A7768C1-5C6B-4C23-0C67-22D6C19D7D7E}.Release|Any CPU.ActiveCfg = Release|Any CPU
		{9A7768C1-5C6B-4C23-0C67-22D6C19D7D7E}.Release|Any CPU.Build.0 = Release|Any CPU
		{449EA27D-92C8-3031-EC4F-8CB075158C35}.Debug|Any CPU.ActiveCfg = Debug|Any CPU
		{449EA27D-92C8-3031-EC4F-8CB075158C35}.Debug|Any CPU.Build.0 = Debug|Any CPU
		{449EA27D-92C8-3031-EC4F-8CB075158C35}.Release|Any CPU.ActiveCfg = Release|Any CPU
		{449EA27D-92C8-3031-EC4F-8CB075158C35}.Release|Any CPU.Build.0 = Release|Any CPU
		{70E82CD9-7B72-EAF7-EC36-9270AD547CC2}.Debug|Any CPU.ActiveCfg = Debug|Any CPU
		{70E82CD9-7B72-EAF7-EC36-9270AD547CC2}.Debug|Any CPU.Build.0 = Debug|Any CPU
		{70E82CD9-7B72-EAF7-EC36-9270AD547CC2}.Release|Any CPU.ActiveCfg = Release|Any CPU
		{70E82CD9-7B72-EAF7-EC36-9270AD547CC2}.Release|Any CPU.Build.0 = Release|Any CPU
		{8D6F7040-B46E-0C90-8C28-936852D1B998}.Debug|Any CPU.ActiveCfg = Debug|Any CPU
		{8D6F7040-B46E-0C90-8C28-936852D1B998}.Debug|Any CPU.Build.0 = Debug|Any CPU
		{8D6F7040-B46E-0C90-8C28-936852D1B998}.Release|Any CPU.ActiveCfg = Release|Any CPU
		{8D6F7040-B46E-0C90-8C28-936852D1B998}.Release|Any CPU.Build.0 = Release|Any CPU
		{BDA2E095-4446-3EC2-B90E-0F9301BD6964}.Debug|Any CPU.ActiveCfg = Debug|Any CPU
		{BDA2E095-4446-3EC2-B90E-0F9301BD6964}.Debug|Any CPU.Build.0 = Debug|Any CPU
		{BDA2E095-4446-3EC2-B90E-0F9301BD6964}.Release|Any CPU.ActiveCfg = Release|Any CPU
		{BDA2E095-4446-3EC2-B90E-0F9301BD6964}.Release|Any CPU.Build.0 = Release|Any CPU
		{1442109D-0630-A782-B51D-9161537DDBC2}.Debug|Any CPU.ActiveCfg = Debug|Any CPU
		{1442109D-0630-A782-B51D-9161537DDBC2}.Debug|Any CPU.Build.0 = Debug|Any CPU
		{1442109D-0630-A782-B51D-9161537DDBC2}.Release|Any CPU.ActiveCfg = Release|Any CPU
		{1442109D-0630-A782-B51D-9161537DDBC2}.Release|Any CPU.Build.0 = Release|Any CPU
		{BC2D95B3-6610-4BB5-261D-C3D6F1E83BAE}.Debug|Any CPU.ActiveCfg = Debug|Any CPU
		{BC2D95B3-6610-4BB5-261D-C3D6F1E83BAE}.Debug|Any CPU.Build.0 = Debug|Any CPU
		{BC2D95B3-6610-4BB5-261D-C3D6F1E83BAE}.Release|Any CPU.ActiveCfg = Release|Any CPU
		{BC2D95B3-6610-4BB5-261D-C3D6F1E83BAE}.Release|Any CPU.Build.0 = Release|Any CPU
		{664DA68B-78FE-A085-91F1-182CDE4818CA}.Debug|Any CPU.ActiveCfg = Debug|Any CPU
		{664DA68B-78FE-A085-91F1-182CDE4818CA}.Debug|Any CPU.Build.0 = Debug|Any CPU
		{664DA68B-78FE-A085-91F1-182CDE4818CA}.Release|Any CPU.ActiveCfg = Release|Any CPU
		{664DA68B-78FE-A085-91F1-182CDE4818CA}.Release|Any CPU.Build.0 = Release|Any CPU
		{79322094-551D-FF62-3AE5-116086DE846E}.Debug|Any CPU.ActiveCfg = Debug|Any CPU
		{79322094-551D-FF62-3AE5-116086DE846E}.Debug|Any CPU.Build.0 = Debug|Any CPU
		{79322094-551D-FF62-3AE5-116086DE846E}.Release|Any CPU.ActiveCfg = Release|Any CPU
		{79322094-551D-FF62-3AE5-116086DE846E}.Release|Any CPU.Build.0 = Release|Any CPU
		{663D6549-7B01-FFBA-7848-69BB0E6AE669}.Debug|Any CPU.ActiveCfg = Debug|Any CPU
		{663D6549-7B01-FFBA-7848-69BB0E6AE669}.Debug|Any CPU.Build.0 = Debug|Any CPU
		{663D6549-7B01-FFBA-7848-69BB0E6AE669}.Release|Any CPU.ActiveCfg = Release|Any CPU
		{663D6549-7B01-FFBA-7848-69BB0E6AE669}.Release|Any CPU.Build.0 = Release|Any CPU
		{466B8467-8AAA-7BB4-68FA-2F5A574E7026}.Debug|Any CPU.ActiveCfg = Debug|Any CPU
		{466B8467-8AAA-7BB4-68FA-2F5A574E7026}.Debug|Any CPU.Build.0 = Debug|Any CPU
		{466B8467-8AAA-7BB4-68FA-2F5A574E7026}.Release|Any CPU.ActiveCfg = Release|Any CPU
		{466B8467-8AAA-7BB4-68FA-2F5A574E7026}.Release|Any CPU.Build.0 = Release|Any CPU
		{21BADA40-67B7-BACA-AB59-652C90634DF5}.Debug|Any CPU.ActiveCfg = Debug|Any CPU
		{21BADA40-67B7-BACA-AB59-652C90634DF5}.Debug|Any CPU.Build.0 = Debug|Any CPU
		{21BADA40-67B7-BACA-AB59-652C90634DF5}.Release|Any CPU.ActiveCfg = Release|Any CPU
		{21BADA40-67B7-BACA-AB59-652C90634DF5}.Release|Any CPU.Build.0 = Release|Any CPU
		{3DD11EB9-52B3-AB5E-0978-70BC77E63B55}.Debug|Any CPU.ActiveCfg = Debug|Any CPU
		{3DD11EB9-52B3-AB5E-0978-70BC77E63B55}.Debug|Any CPU.Build.0 = Debug|Any CPU
		{3DD11EB9-52B3-AB5E-0978-70BC77E63B55}.Release|Any CPU.ActiveCfg = Release|Any CPU
		{3DD11EB9-52B3-AB5E-0978-70BC77E63B55}.Release|Any CPU.Build.0 = Release|Any CPU
		{00C680B9-E769-C897-1E13-2C4D29196697}.Debug|Any CPU.ActiveCfg = Debug|Any CPU
		{00C680B9-E769-C897-1E13-2C4D29196697}.Debug|Any CPU.Build.0 = Debug|Any CPU
		{00C680B9-E769-C897-1E13-2C4D29196697}.Release|Any CPU.ActiveCfg = Release|Any CPU
		{00C680B9-E769-C897-1E13-2C4D29196697}.Release|Any CPU.Build.0 = Release|Any CPU
		{5F048418-72D9-5C53-AC17-ABAE86A06F8C}.Debug|Any CPU.ActiveCfg = Debug|Any CPU
		{5F048418-72D9-5C53-AC17-ABAE86A06F8C}.Debug|Any CPU.Build.0 = Debug|Any CPU
		{5F048418-72D9-5C53-AC17-ABAE86A06F8C}.Release|Any CPU.ActiveCfg = Release|Any CPU
		{5F048418-72D9-5C53-AC17-ABAE86A06F8C}.Release|Any CPU.Build.0 = Release|Any CPU
		{4C4E3709-B06C-56C7-7D10-79F0BE6BCD20}.Debug|Any CPU.ActiveCfg = Debug|Any CPU
		{4C4E3709-B06C-56C7-7D10-79F0BE6BCD20}.Debug|Any CPU.Build.0 = Debug|Any CPU
		{4C4E3709-B06C-56C7-7D10-79F0BE6BCD20}.Release|Any CPU.ActiveCfg = Release|Any CPU
		{4C4E3709-B06C-56C7-7D10-79F0BE6BCD20}.Release|Any CPU.Build.0 = Release|Any CPU
		{24F532CF-8BCC-FFB9-82AF-51DE29993131}.Debug|Any CPU.ActiveCfg = Debug|Any CPU
		{24F532CF-8BCC-FFB9-82AF-51DE29993131}.Debug|Any CPU.Build.0 = Debug|Any CPU
		{24F532CF-8BCC-FFB9-82AF-51DE29993131}.Release|Any CPU.ActiveCfg = Release|Any CPU
		{24F532CF-8BCC-FFB9-82AF-51DE29993131}.Release|Any CPU.Build.0 = Release|Any CPU
		{F60EA767-9CAD-0EF3-5A1C-C756D1520AB3}.Debug|Any CPU.ActiveCfg = Debug|Any CPU
		{F60EA767-9CAD-0EF3-5A1C-C756D1520AB3}.Debug|Any CPU.Build.0 = Debug|Any CPU
		{F60EA767-9CAD-0EF3-5A1C-C756D1520AB3}.Release|Any CPU.ActiveCfg = Release|Any CPU
		{F60EA767-9CAD-0EF3-5A1C-C756D1520AB3}.Release|Any CPU.Build.0 = Release|Any CPU
		{1F4B71F8-1082-22A5-DA4C-EF856FD16D4A}.Debug|Any CPU.ActiveCfg = Debug|Any CPU
		{1F4B71F8-1082-22A5-DA4C-EF856FD16D4A}.Debug|Any CPU.Build.0 = Debug|Any CPU
		{1F4B71F8-1082-22A5-DA4C-EF856FD16D4A}.Release|Any CPU.ActiveCfg = Release|Any CPU
		{1F4B71F8-1082-22A5-DA4C-EF856FD16D4A}.Release|Any CPU.Build.0 = Release|Any CPU
		{512ED0F3-B438-D661-ABF9-8E73FAE2C0D7}.Debug|Any CPU.ActiveCfg = Debug|Any CPU
		{512ED0F3-B438-D661-ABF9-8E73FAE2C0D7}.Debug|Any CPU.Build.0 = Debug|Any CPU
		{512ED0F3-B438-D661-ABF9-8E73FAE2C0D7}.Release|Any CPU.ActiveCfg = Release|Any CPU
		{512ED0F3-B438-D661-ABF9-8E73FAE2C0D7}.Release|Any CPU.Build.0 = Release|Any CPU
		{07A1991D-EE12-1571-0D6F-E246E7294296}.Debug|Any CPU.ActiveCfg = Debug|Any CPU
		{07A1991D-EE12-1571-0D6F-E246E7294296}.Debug|Any CPU.Build.0 = Debug|Any CPU
		{07A1991D-EE12-1571-0D6F-E246E7294296}.Release|Any CPU.ActiveCfg = Release|Any CPU
		{07A1991D-EE12-1571-0D6F-E246E7294296}.Release|Any CPU.Build.0 = Release|Any CPU
		{E772B38B-3FDF-98A1-79C3-F5C973ABE9D7}.Debug|Any CPU.ActiveCfg = Debug|Any CPU
		{E772B38B-3FDF-98A1-79C3-F5C973ABE9D7}.Debug|Any CPU.Build.0 = Debug|Any CPU
		{E772B38B-3FDF-98A1-79C3-F5C973ABE9D7}.Release|Any CPU.ActiveCfg = Release|Any CPU
		{E772B38B-3FDF-98A1-79C3-F5C973ABE9D7}.Release|Any CPU.Build.0 = Release|Any CPU
		{17B6761D-2779-5FDB-03A0-566085EF69F0}.Debug|Any CPU.ActiveCfg = Debug|Any CPU
		{17B6761D-2779-5FDB-03A0-566085EF69F0}.Debug|Any CPU.Build.0 = Debug|Any CPU
		{17B6761D-2779-5FDB-03A0-566085EF69F0}.Release|Any CPU.ActiveCfg = Release|Any CPU
		{17B6761D-2779-5FDB-03A0-566085EF69F0}.Release|Any CPU.Build.0 = Release|Any CPU
		{B654F723-3BAD-4B0D-8DB5-7EA9466BE917}.Debug|Any CPU.ActiveCfg = Debug|Any CPU
		{B654F723-3BAD-4B0D-8DB5-7EA9466BE917}.Debug|Any CPU.Build.0 = Debug|Any CPU
		{B654F723-3BAD-4B0D-8DB5-7EA9466BE917}.Release|Any CPU.ActiveCfg = Release|Any CPU
		{B654F723-3BAD-4B0D-8DB5-7EA9466BE917}.Release|Any CPU.Build.0 = Release|Any CPU
		{2E89685E-EEC4-6279-FA95-1F89E476D3C7}.Debug|Any CPU.ActiveCfg = Debug|Any CPU
		{2E89685E-EEC4-6279-FA95-1F89E476D3C7}.Debug|Any CPU.Build.0 = Debug|Any CPU
		{2E89685E-EEC4-6279-FA95-1F89E476D3C7}.Release|Any CPU.ActiveCfg = Release|Any CPU
		{2E89685E-EEC4-6279-FA95-1F89E476D3C7}.Release|Any CPU.Build.0 = Release|Any CPU
		{703C097B-9F04-5EEC-2A39-AA2285502A08}.Debug|Any CPU.ActiveCfg = Debug|Any CPU
		{703C097B-9F04-5EEC-2A39-AA2285502A08}.Debug|Any CPU.Build.0 = Debug|Any CPU
		{703C097B-9F04-5EEC-2A39-AA2285502A08}.Release|Any CPU.ActiveCfg = Release|Any CPU
		{703C097B-9F04-5EEC-2A39-AA2285502A08}.Release|Any CPU.Build.0 = Release|Any CPU
		{711C2ADC-26BC-C5EB-1853-FAAE4A46682A}.Debug|Any CPU.ActiveCfg = Debug|Any CPU
		{711C2ADC-26BC-C5EB-1853-FAAE4A46682A}.Debug|Any CPU.Build.0 = Debug|Any CPU
		{711C2ADC-26BC-C5EB-1853-FAAE4A46682A}.Release|Any CPU.ActiveCfg = Release|Any CPU
		{711C2ADC-26BC-C5EB-1853-FAAE4A46682A}.Release|Any CPU.Build.0 = Release|Any CPU
		{C6DE5E72-41F6-21D0-91E9-2AE062528F10}.Debug|Any CPU.ActiveCfg = Debug|Any CPU
		{C6DE5E72-41F6-21D0-91E9-2AE062528F10}.Debug|Any CPU.Build.0 = Debug|Any CPU
		{C6DE5E72-41F6-21D0-91E9-2AE062528F10}.Release|Any CPU.ActiveCfg = Release|Any CPU
		{C6DE5E72-41F6-21D0-91E9-2AE062528F10}.Release|Any CPU.Build.0 = Release|Any CPU
		{56FE0E89-B6BC-EB27-A722-3EBA49ED2B90}.Debug|Any CPU.ActiveCfg = Debug|Any CPU
		{56FE0E89-B6BC-EB27-A722-3EBA49ED2B90}.Debug|Any CPU.Build.0 = Debug|Any CPU
		{56FE0E89-B6BC-EB27-A722-3EBA49ED2B90}.Release|Any CPU.ActiveCfg = Release|Any CPU
		{56FE0E89-B6BC-EB27-A722-3EBA49ED2B90}.Release|Any CPU.Build.0 = Release|Any CPU
		{C770AC98-7FC6-32FE-35CA-E6264ECE6DFD}.Debug|Any CPU.ActiveCfg = Debug|Any CPU
		{C770AC98-7FC6-32FE-35CA-E6264ECE6DFD}.Debug|Any CPU.Build.0 = Debug|Any CPU
		{C770AC98-7FC6-32FE-35CA-E6264ECE6DFD}.Release|Any CPU.ActiveCfg = Release|Any CPU
		{C770AC98-7FC6-32FE-35CA-E6264ECE6DFD}.Release|Any CPU.Build.0 = Release|Any CPU
		{AD605A7A-6760-3FDF-1C78-E293DDC018B9}.Debug|Any CPU.ActiveCfg = Debug|Any CPU
		{AD605A7A-6760-3FDF-1C78-E293DDC018B9}.Debug|Any CPU.Build.0 = Debug|Any CPU
		{AD605A7A-6760-3FDF-1C78-E293DDC018B9}.Release|Any CPU.ActiveCfg = Release|Any CPU
		{AD605A7A-6760-3FDF-1C78-E293DDC018B9}.Release|Any CPU.Build.0 = Release|Any CPU
		{DF871637-0B31-90A8-CC33-93E31458EE18}.Debug|Any CPU.ActiveCfg = Debug|Any CPU
		{DF871637-0B31-90A8-CC33-93E31458EE18}.Debug|Any CPU.Build.0 = Debug|Any CPU
		{DF871637-0B31-90A8-CC33-93E31458EE18}.Release|Any CPU.ActiveCfg = Release|Any CPU
		{DF871637-0B31-90A8-CC33-93E31458EE18}.Release|Any CPU.Build.0 = Release|Any CPU
		{D7926264-F046-AA45-9B1B-990134B2A5DE}.Debug|Any CPU.ActiveCfg = Debug|Any CPU
		{D7926264-F046-AA45-9B1B-990134B2A5DE}.Debug|Any CPU.Build.0 = Debug|Any CPU
		{D7926264-F046-AA45-9B1B-990134B2A5DE}.Release|Any CPU.ActiveCfg = Release|Any CPU
		{D7926264-F046-AA45-9B1B-990134B2A5DE}.Release|Any CPU.Build.0 = Release|Any CPU
		{6268D473-1C1D-8B69-EEA4-87665D719A67}.Debug|Any CPU.ActiveCfg = Debug|Any CPU
		{6268D473-1C1D-8B69-EEA4-87665D719A67}.Debug|Any CPU.Build.0 = Debug|Any CPU
		{6268D473-1C1D-8B69-EEA4-87665D719A67}.Release|Any CPU.ActiveCfg = Release|Any CPU
		{6268D473-1C1D-8B69-EEA4-87665D719A67}.Release|Any CPU.Build.0 = Release|Any CPU
		{61A845DD-1DFE-8EE5-5543-DE9BF362F530}.Debug|Any CPU.ActiveCfg = Debug|Any CPU
		{61A845DD-1DFE-8EE5-5543-DE9BF362F530}.Debug|Any CPU.Build.0 = Debug|Any CPU
		{61A845DD-1DFE-8EE5-5543-DE9BF362F530}.Release|Any CPU.ActiveCfg = Release|Any CPU
		{61A845DD-1DFE-8EE5-5543-DE9BF362F530}.Release|Any CPU.Build.0 = Release|Any CPU
		{80C1FC91-DD50-A4F8-CC13-573EA68247A8}.Debug|Any CPU.ActiveCfg = Debug|Any CPU
		{80C1FC91-DD50-A4F8-CC13-573EA68247A8}.Debug|Any CPU.Build.0 = Debug|Any CPU
		{80C1FC91-DD50-A4F8-CC13-573EA68247A8}.Release|Any CPU.ActiveCfg = Release|Any CPU
		{80C1FC91-DD50-A4F8-CC13-573EA68247A8}.Release|Any CPU.Build.0 = Release|Any CPU
		{A8FF149D-84C8-3323-36B4-5079AFBDAE89}.Debug|Any CPU.ActiveCfg = Debug|Any CPU
		{A8FF149D-84C8-3323-36B4-5079AFBDAE89}.Debug|Any CPU.Build.0 = Debug|Any CPU
		{A8FF149D-84C8-3323-36B4-5079AFBDAE89}.Release|Any CPU.ActiveCfg = Release|Any CPU
		{A8FF149D-84C8-3323-36B4-5079AFBDAE89}.Release|Any CPU.Build.0 = Release|Any CPU
		{B4E193B6-E8DC-B46F-E2EE-6774F1B63B0E}.Debug|Any CPU.ActiveCfg = Debug|Any CPU
		{B4E193B6-E8DC-B46F-E2EE-6774F1B63B0E}.Debug|Any CPU.Build.0 = Debug|Any CPU
		{B4E193B6-E8DC-B46F-E2EE-6774F1B63B0E}.Release|Any CPU.ActiveCfg = Release|Any CPU
		{B4E193B6-E8DC-B46F-E2EE-6774F1B63B0E}.Release|Any CPU.Build.0 = Release|Any CPU
		{AA2D496B-B480-8A21-BF5C-8C63C4670CBA}.Debug|Any CPU.ActiveCfg = Debug|Any CPU
		{AA2D496B-B480-8A21-BF5C-8C63C4670CBA}.Debug|Any CPU.Build.0 = Debug|Any CPU
		{AA2D496B-B480-8A21-BF5C-8C63C4670CBA}.Release|Any CPU.ActiveCfg = Release|Any CPU
		{AA2D496B-B480-8A21-BF5C-8C63C4670CBA}.Release|Any CPU.Build.0 = Release|Any CPU
		{7707E4BA-6EAA-D550-EB42-3EDB88933882}.Debug|Any CPU.ActiveCfg = Debug|Any CPU
		{7707E4BA-6EAA-D550-EB42-3EDB88933882}.Debug|Any CPU.Build.0 = Debug|Any CPU
		{7707E4BA-6EAA-D550-EB42-3EDB88933882}.Release|Any CPU.ActiveCfg = Release|Any CPU
		{7707E4BA-6EAA-D550-EB42-3EDB88933882}.Release|Any CPU.Build.0 = Release|Any CPU
		{E4CC8035-E2AD-E671-B5C1-D64ED1AA2E31}.Debug|Any CPU.ActiveCfg = Debug|Any CPU
		{E4CC8035-E2AD-E671-B5C1-D64ED1AA2E31}.Debug|Any CPU.Build.0 = Debug|Any CPU
		{E4CC8035-E2AD-E671-B5C1-D64ED1AA2E31}.Release|Any CPU.ActiveCfg = Release|Any CPU
		{E4CC8035-E2AD-E671-B5C1-D64ED1AA2E31}.Release|Any CPU.Build.0 = Release|Any CPU
		{5143DC08-07AA-98A7-EAB0-E3D1CBC84AB3}.Debug|Any CPU.ActiveCfg = Debug|Any CPU
		{5143DC08-07AA-98A7-EAB0-E3D1CBC84AB3}.Debug|Any CPU.Build.0 = Debug|Any CPU
		{5143DC08-07AA-98A7-EAB0-E3D1CBC84AB3}.Release|Any CPU.ActiveCfg = Release|Any CPU
		{5143DC08-07AA-98A7-EAB0-E3D1CBC84AB3}.Release|Any CPU.Build.0 = Release|Any CPU
		{09F3D736-9C74-C23F-C2AA-C66B8B9EDEC2}.Debug|Any CPU.ActiveCfg = Debug|Any CPU
		{09F3D736-9C74-C23F-C2AA-C66B8B9EDEC2}.Debug|Any CPU.Build.0 = Debug|Any CPU
		{09F3D736-9C74-C23F-C2AA-C66B8B9EDEC2}.Release|Any CPU.ActiveCfg = Release|Any CPU
		{09F3D736-9C74-C23F-C2AA-C66B8B9EDEC2}.Release|Any CPU.Build.0 = Release|Any CPU
		{86F19006-FF9F-1548-431E-47C1A9C883D3}.Debug|Any CPU.ActiveCfg = Debug|Any CPU
		{86F19006-FF9F-1548-431E-47C1A9C883D3}.Debug|Any CPU.Build.0 = Debug|Any CPU
		{86F19006-FF9F-1548-431E-47C1A9C883D3}.Release|Any CPU.ActiveCfg = Release|Any CPU
		{86F19006-FF9F-1548-431E-47C1A9C883D3}.Release|Any CPU.Build.0 = Release|Any CPU
		{AFB2EF3E-ED37-693B-A0F4-F97B029F1F92}.Debug|Any CPU.ActiveCfg = Debug|Any CPU
		{AFB2EF3E-ED37-693B-A0F4-F97B029F1F92}.Debug|Any CPU.Build.0 = Debug|Any CPU
		{AFB2EF3E-ED37-693B-A0F4-F97B029F1F92}.Release|Any CPU.ActiveCfg = Release|Any CPU
		{AFB2EF3E-ED37-693B-A0F4-F97B029F1F92}.Release|Any CPU.Build.0 = Release|Any CPU
		{7322B22C-D789-50D2-7044-5C715E196617}.Debug|Any CPU.ActiveCfg = Debug|Any CPU
		{7322B22C-D789-50D2-7044-5C715E196617}.Debug|Any CPU.Build.0 = Debug|Any CPU
		{7322B22C-D789-50D2-7044-5C715E196617}.Release|Any CPU.ActiveCfg = Release|Any CPU
		{7322B22C-D789-50D2-7044-5C715E196617}.Release|Any CPU.Build.0 = Release|Any CPU
		{3EAC7E2D-FAE7-E1EA-7DF8-3F91CE773ED8}.Debug|Any CPU.ActiveCfg = Debug|Any CPU
		{3EAC7E2D-FAE7-E1EA-7DF8-3F91CE773ED8}.Debug|Any CPU.Build.0 = Debug|Any CPU
		{3EAC7E2D-FAE7-E1EA-7DF8-3F91CE773ED8}.Release|Any CPU.ActiveCfg = Release|Any CPU
		{3EAC7E2D-FAE7-E1EA-7DF8-3F91CE773ED8}.Release|Any CPU.Build.0 = Release|Any CPU
		{7B86BFCF-2D91-9777-2F3D-3380C0171C75}.Debug|Any CPU.ActiveCfg = Debug|Any CPU
		{7B86BFCF-2D91-9777-2F3D-3380C0171C75}.Debug|Any CPU.Build.0 = Debug|Any CPU
		{7B86BFCF-2D91-9777-2F3D-3380C0171C75}.Release|Any CPU.ActiveCfg = Release|Any CPU
		{7B86BFCF-2D91-9777-2F3D-3380C0171C75}.Release|Any CPU.Build.0 = Release|Any CPU
		{9CD5EC06-F672-3DDB-D3BE-D6927F736011}.Debug|Any CPU.ActiveCfg = Debug|Any CPU
		{9CD5EC06-F672-3DDB-D3BE-D6927F736011}.Debug|Any CPU.Build.0 = Debug|Any CPU
		{9CD5EC06-F672-3DDB-D3BE-D6927F736011}.Release|Any CPU.ActiveCfg = Release|Any CPU
		{9CD5EC06-F672-3DDB-D3BE-D6927F736011}.Release|Any CPU.Build.0 = Release|Any CPU
		{FBD181D9-8B0C-67E8-75B2-F24A0429A8D0}.Debug|Any CPU.ActiveCfg = Debug|Any CPU
		{FBD181D9-8B0C-67E8-75B2-F24A0429A8D0}.Debug|Any CPU.Build.0 = Debug|Any CPU
		{FBD181D9-8B0C-67E8-75B2-F24A0429A8D0}.Release|Any CPU.ActiveCfg = Release|Any CPU
		{FBD181D9-8B0C-67E8-75B2-F24A0429A8D0}.Release|Any CPU.Build.0 = Release|Any CPU
		{D8EC8F4B-4329-3629-AE24-6BE0F99AA880}.Debug|Any CPU.ActiveCfg = Debug|Any CPU
		{D8EC8F4B-4329-3629-AE24-6BE0F99AA880}.Debug|Any CPU.Build.0 = Debug|Any CPU
		{D8EC8F4B-4329-3629-AE24-6BE0F99AA880}.Release|Any CPU.ActiveCfg = Release|Any CPU
		{D8EC8F4B-4329-3629-AE24-6BE0F99AA880}.Release|Any CPU.Build.0 = Release|Any CPU
		{89AA2DCD-6DE0-1353-F8ED-C6C6D1553CCA}.Debug|Any CPU.ActiveCfg = Debug|Any CPU
		{89AA2DCD-6DE0-1353-F8ED-C6C6D1553CCA}.Debug|Any CPU.Build.0 = Debug|Any CPU
		{89AA2DCD-6DE0-1353-F8ED-C6C6D1553CCA}.Release|Any CPU.ActiveCfg = Release|Any CPU
		{89AA2DCD-6DE0-1353-F8ED-C6C6D1553CCA}.Release|Any CPU.Build.0 = Release|Any CPU
		{5A348CE2-7FCF-998E-7E65-BFBBC22CC5B7}.Debug|Any CPU.ActiveCfg = Debug|Any CPU
		{5A348CE2-7FCF-998E-7E65-BFBBC22CC5B7}.Debug|Any CPU.Build.0 = Debug|Any CPU
		{5A348CE2-7FCF-998E-7E65-BFBBC22CC5B7}.Release|Any CPU.ActiveCfg = Release|Any CPU
		{5A348CE2-7FCF-998E-7E65-BFBBC22CC5B7}.Release|Any CPU.Build.0 = Release|Any CPU
		{F8E26BC9-951B-1FAE-0FBE-BEB1B5F2B772}.Debug|Any CPU.ActiveCfg = Debug|Any CPU
		{F8E26BC9-951B-1FAE-0FBE-BEB1B5F2B772}.Debug|Any CPU.Build.0 = Debug|Any CPU
		{F8E26BC9-951B-1FAE-0FBE-BEB1B5F2B772}.Release|Any CPU.ActiveCfg = Release|Any CPU
		{F8E26BC9-951B-1FAE-0FBE-BEB1B5F2B772}.Release|Any CPU.Build.0 = Release|Any CPU
		{9EBDE830-9608-0B47-2D80-3CD0D5976D0E}.Debug|Any CPU.ActiveCfg = Debug|Any CPU
		{9EBDE830-9608-0B47-2D80-3CD0D5976D0E}.Debug|Any CPU.Build.0 = Debug|Any CPU
		{9EBDE830-9608-0B47-2D80-3CD0D5976D0E}.Release|Any CPU.ActiveCfg = Release|Any CPU
		{9EBDE830-9608-0B47-2D80-3CD0D5976D0E}.Release|Any CPU.Build.0 = Release|Any CPU
		{402F3962-F3FB-19E7-D87F-93B0B9ABBE97}.Debug|Any CPU.ActiveCfg = Debug|Any CPU
		{402F3962-F3FB-19E7-D87F-93B0B9ABBE97}.Debug|Any CPU.Build.0 = Debug|Any CPU
		{402F3962-F3FB-19E7-D87F-93B0B9ABBE97}.Release|Any CPU.ActiveCfg = Release|Any CPU
		{402F3962-F3FB-19E7-D87F-93B0B9ABBE97}.Release|Any CPU.Build.0 = Release|Any CPU
		{B68C977B-B15D-06D5-8E86-D462B44C10AE}.Debug|Any CPU.ActiveCfg = Debug|Any CPU
		{B68C977B-B15D-06D5-8E86-D462B44C10AE}.Debug|Any CPU.Build.0 = Debug|Any CPU
		{B68C977B-B15D-06D5-8E86-D462B44C10AE}.Release|Any CPU.ActiveCfg = Release|Any CPU
		{B68C977B-B15D-06D5-8E86-D462B44C10AE}.Release|Any CPU.Build.0 = Release|Any CPU
		{DE13B986-3E2B-F212-8F29-31EF0B3EF0F2}.Debug|Any CPU.ActiveCfg = Debug|Any CPU
		{DE13B986-3E2B-F212-8F29-31EF0B3EF0F2}.Debug|Any CPU.Build.0 = Debug|Any CPU
		{DE13B986-3E2B-F212-8F29-31EF0B3EF0F2}.Release|Any CPU.ActiveCfg = Release|Any CPU
		{DE13B986-3E2B-F212-8F29-31EF0B3EF0F2}.Release|Any CPU.Build.0 = Release|Any CPU
		{A67E94E2-98FD-DC6C-2871-07A7F44A8C97}.Debug|Any CPU.ActiveCfg = Debug|Any CPU
		{A67E94E2-98FD-DC6C-2871-07A7F44A8C97}.Debug|Any CPU.Build.0 = Debug|Any CPU
		{A67E94E2-98FD-DC6C-2871-07A7F44A8C97}.Release|Any CPU.ActiveCfg = Release|Any CPU
		{A67E94E2-98FD-DC6C-2871-07A7F44A8C97}.Release|Any CPU.Build.0 = Release|Any CPU
		{AA934889-4A86-4E26-4E4F-C47DBF716A44}.Debug|Any CPU.ActiveCfg = Debug|Any CPU
		{AA934889-4A86-4E26-4E4F-C47DBF716A44}.Debug|Any CPU.Build.0 = Debug|Any CPU
		{AA934889-4A86-4E26-4E4F-C47DBF716A44}.Release|Any CPU.ActiveCfg = Release|Any CPU
		{AA934889-4A86-4E26-4E4F-C47DBF716A44}.Release|Any CPU.Build.0 = Release|Any CPU
		{0BDAD5E6-CF69-59D4-3C13-31BE5BED60C9}.Debug|Any CPU.ActiveCfg = Debug|Any CPU
		{0BDAD5E6-CF69-59D4-3C13-31BE5BED60C9}.Debug|Any CPU.Build.0 = Debug|Any CPU
		{0BDAD5E6-CF69-59D4-3C13-31BE5BED60C9}.Release|Any CPU.ActiveCfg = Release|Any CPU
		{0BDAD5E6-CF69-59D4-3C13-31BE5BED60C9}.Release|Any CPU.Build.0 = Release|Any CPU
		{24578DA6-B94D-58D9-EFF4-60215CBCEB62}.Debug|Any CPU.ActiveCfg = Debug|Any CPU
		{24578DA6-B94D-58D9-EFF4-60215CBCEB62}.Debug|Any CPU.Build.0 = Debug|Any CPU
		{24578DA6-B94D-58D9-EFF4-60215CBCEB62}.Release|Any CPU.ActiveCfg = Release|Any CPU
		{24578DA6-B94D-58D9-EFF4-60215CBCEB62}.Release|Any CPU.Build.0 = Release|Any CPU
		{E0AD2922-2E78-386F-DA52-3383A8A7CE96}.Debug|Any CPU.ActiveCfg = Debug|Any CPU
		{E0AD2922-2E78-386F-DA52-3383A8A7CE96}.Debug|Any CPU.Build.0 = Debug|Any CPU
		{E0AD2922-2E78-386F-DA52-3383A8A7CE96}.Release|Any CPU.ActiveCfg = Release|Any CPU
		{E0AD2922-2E78-386F-DA52-3383A8A7CE96}.Release|Any CPU.Build.0 = Release|Any CPU
		{E7689FB6-D05C-20DB-B4CB-F39A150A18C6}.Debug|Any CPU.ActiveCfg = Debug|Any CPU
		{E7689FB6-D05C-20DB-B4CB-F39A150A18C6}.Debug|Any CPU.Build.0 = Debug|Any CPU
		{E7689FB6-D05C-20DB-B4CB-F39A150A18C6}.Release|Any CPU.ActiveCfg = Release|Any CPU
		{E7689FB6-D05C-20DB-B4CB-F39A150A18C6}.Release|Any CPU.Build.0 = Release|Any CPU
		{04249F9F-70F3-284F-F369-006774308004}.Debug|Any CPU.ActiveCfg = Debug|Any CPU
		{04249F9F-70F3-284F-F369-006774308004}.Debug|Any CPU.Build.0 = Debug|Any CPU
		{04249F9F-70F3-284F-F369-006774308004}.Release|Any CPU.ActiveCfg = Release|Any CPU
		{04249F9F-70F3-284F-F369-006774308004}.Release|Any CPU.Build.0 = Release|Any CPU
		{19393DE9-8D3D-8B7D-5D77-F688AB516444}.Debug|Any CPU.ActiveCfg = Debug|Any CPU
		{19393DE9-8D3D-8B7D-5D77-F688AB516444}.Debug|Any CPU.Build.0 = Debug|Any CPU
		{19393DE9-8D3D-8B7D-5D77-F688AB516444}.Release|Any CPU.ActiveCfg = Release|Any CPU
		{19393DE9-8D3D-8B7D-5D77-F688AB516444}.Release|Any CPU.Build.0 = Release|Any CPU
		{EAB12992-831A-4E00-4FAF-3C1B2BB03277}.Debug|Any CPU.ActiveCfg = Debug|Any CPU
		{EAB12992-831A-4E00-4FAF-3C1B2BB03277}.Debug|Any CPU.Build.0 = Debug|Any CPU
		{EAB12992-831A-4E00-4FAF-3C1B2BB03277}.Release|Any CPU.ActiveCfg = Release|Any CPU
		{EAB12992-831A-4E00-4FAF-3C1B2BB03277}.Release|Any CPU.Build.0 = Release|Any CPU
		{72E037FD-B3D8-FDA2-94BB-91491930618B}.Debug|Any CPU.ActiveCfg = Debug|Any CPU
		{72E037FD-B3D8-FDA2-94BB-91491930618B}.Debug|Any CPU.Build.0 = Debug|Any CPU
		{72E037FD-B3D8-FDA2-94BB-91491930618B}.Release|Any CPU.ActiveCfg = Release|Any CPU
		{72E037FD-B3D8-FDA2-94BB-91491930618B}.Release|Any CPU.Build.0 = Release|Any CPU
		{CF6996A3-8C21-9BF5-E5EA-574EED2376A7}.Debug|Any CPU.ActiveCfg = Debug|Any CPU
		{CF6996A3-8C21-9BF5-E5EA-574EED2376A7}.Debug|Any CPU.Build.0 = Debug|Any CPU
		{CF6996A3-8C21-9BF5-E5EA-574EED2376A7}.Release|Any CPU.ActiveCfg = Release|Any CPU
		{CF6996A3-8C21-9BF5-E5EA-574EED2376A7}.Release|Any CPU.Build.0 = Release|Any CPU
		{48E004F1-1973-A1CC-D19B-8C7F69E30C0B}.Debug|Any CPU.ActiveCfg = Debug|Any CPU
		{48E004F1-1973-A1CC-D19B-8C7F69E30C0B}.Debug|Any CPU.Build.0 = Debug|Any CPU
		{48E004F1-1973-A1CC-D19B-8C7F69E30C0B}.Release|Any CPU.ActiveCfg = Release|Any CPU
		{48E004F1-1973-A1CC-D19B-8C7F69E30C0B}.Release|Any CPU.Build.0 = Release|Any CPU
		{E7C63937-B1D3-8168-2AE0-CDD1129F9248}.Debug|Any CPU.ActiveCfg = Debug|Any CPU
		{E7C63937-B1D3-8168-2AE0-CDD1129F9248}.Debug|Any CPU.Build.0 = Debug|Any CPU
		{E7C63937-B1D3-8168-2AE0-CDD1129F9248}.Release|Any CPU.ActiveCfg = Release|Any CPU
		{E7C63937-B1D3-8168-2AE0-CDD1129F9248}.Release|Any CPU.Build.0 = Release|Any CPU
		{ABC8384C-21DA-86D5-5E37-C7EBD74697A2}.Debug|Any CPU.ActiveCfg = Debug|Any CPU
		{ABC8384C-21DA-86D5-5E37-C7EBD74697A2}.Debug|Any CPU.Build.0 = Debug|Any CPU
		{ABC8384C-21DA-86D5-5E37-C7EBD74697A2}.Release|Any CPU.ActiveCfg = Release|Any CPU
		{ABC8384C-21DA-86D5-5E37-C7EBD74697A2}.Release|Any CPU.Build.0 = Release|Any CPU
		{F30F9342-96FD-79F6-3663-932007157005}.Debug|Any CPU.ActiveCfg = Debug|Any CPU
		{F30F9342-96FD-79F6-3663-932007157005}.Debug|Any CPU.Build.0 = Debug|Any CPU
		{F30F9342-96FD-79F6-3663-932007157005}.Release|Any CPU.ActiveCfg = Release|Any CPU
		{F30F9342-96FD-79F6-3663-932007157005}.Release|Any CPU.Build.0 = Release|Any CPU
		{1A8987FC-5310-F021-F823-B9BC2EB44567}.Debug|Any CPU.ActiveCfg = Debug|Any CPU
		{1A8987FC-5310-F021-F823-B9BC2EB44567}.Debug|Any CPU.Build.0 = Debug|Any CPU
		{1A8987FC-5310-F021-F823-B9BC2EB44567}.Release|Any CPU.ActiveCfg = Release|Any CPU
		{1A8987FC-5310-F021-F823-B9BC2EB44567}.Release|Any CPU.Build.0 = Release|Any CPU
		{B5D3876E-232B-1486-A97E-29C01AB3F26E}.Debug|Any CPU.ActiveCfg = Debug|Any CPU
		{B5D3876E-232B-1486-A97E-29C01AB3F26E}.Debug|Any CPU.Build.0 = Debug|Any CPU
		{B5D3876E-232B-1486-A97E-29C01AB3F26E}.Release|Any CPU.ActiveCfg = Release|Any CPU
		{B5D3876E-232B-1486-A97E-29C01AB3F26E}.Release|Any CPU.Build.0 = Release|Any CPU
		{E9CA54C4-B6FC-18A7-3B79-5BBEA90306AC}.Debug|Any CPU.ActiveCfg = Debug|Any CPU
		{E9CA54C4-B6FC-18A7-3B79-5BBEA90306AC}.Debug|Any CPU.Build.0 = Debug|Any CPU
		{E9CA54C4-B6FC-18A7-3B79-5BBEA90306AC}.Release|Any CPU.ActiveCfg = Release|Any CPU
		{E9CA54C4-B6FC-18A7-3B79-5BBEA90306AC}.Release|Any CPU.Build.0 = Release|Any CPU
		{D7A4C970-EB26-3E83-BEDB-A3FF4DC36338}.Debug|Any CPU.ActiveCfg = Debug|Any CPU
		{D7A4C970-EB26-3E83-BEDB-A3FF4DC36338}.Debug|Any CPU.Build.0 = Debug|Any CPU
		{D7A4C970-EB26-3E83-BEDB-A3FF4DC36338}.Release|Any CPU.ActiveCfg = Release|Any CPU
		{D7A4C970-EB26-3E83-BEDB-A3FF4DC36338}.Release|Any CPU.Build.0 = Release|Any CPU
		{EAEB7166-D522-EF38-1982-FD28525D0D76}.Debug|Any CPU.ActiveCfg = Debug|Any CPU
		{EAEB7166-D522-EF38-1982-FD28525D0D76}.Debug|Any CPU.Build.0 = Debug|Any CPU
		{EAEB7166-D522-EF38-1982-FD28525D0D76}.Release|Any CPU.ActiveCfg = Release|Any CPU
		{EAEB7166-D522-EF38-1982-FD28525D0D76}.Release|Any CPU.Build.0 = Release|Any CPU
		{694BE0D3-DF6A-46CE-CB4B-7C8E9D3DF3CB}.Debug|Any CPU.ActiveCfg = Debug|Any CPU
		{694BE0D3-DF6A-46CE-CB4B-7C8E9D3DF3CB}.Debug|Any CPU.Build.0 = Debug|Any CPU
		{694BE0D3-DF6A-46CE-CB4B-7C8E9D3DF3CB}.Release|Any CPU.ActiveCfg = Release|Any CPU
		{694BE0D3-DF6A-46CE-CB4B-7C8E9D3DF3CB}.Release|Any CPU.Build.0 = Release|Any CPU
		{1C3C81D7-E1CB-F7D6-7688-8C32FE5AD8BC}.Debug|Any CPU.ActiveCfg = Debug|Any CPU
		{1C3C81D7-E1CB-F7D6-7688-8C32FE5AD8BC}.Debug|Any CPU.Build.0 = Debug|Any CPU
		{1C3C81D7-E1CB-F7D6-7688-8C32FE5AD8BC}.Release|Any CPU.ActiveCfg = Release|Any CPU
		{1C3C81D7-E1CB-F7D6-7688-8C32FE5AD8BC}.Release|Any CPU.Build.0 = Release|Any CPU
		{FADC5AF5-99BD-BEE1-51D1-9A3DE8267E55}.Debug|Any CPU.ActiveCfg = Debug|Any CPU
		{FADC5AF5-99BD-BEE1-51D1-9A3DE8267E55}.Debug|Any CPU.Build.0 = Debug|Any CPU
		{FADC5AF5-99BD-BEE1-51D1-9A3DE8267E55}.Release|Any CPU.ActiveCfg = Release|Any CPU
		{FADC5AF5-99BD-BEE1-51D1-9A3DE8267E55}.Release|Any CPU.Build.0 = Release|Any CPU
		{6DA1D2F1-F611-7ED9-B746-8BFB5CC05F43}.Debug|Any CPU.ActiveCfg = Debug|Any CPU
		{6DA1D2F1-F611-7ED9-B746-8BFB5CC05F43}.Debug|Any CPU.Build.0 = Debug|Any CPU
		{6DA1D2F1-F611-7ED9-B746-8BFB5CC05F43}.Release|Any CPU.ActiveCfg = Release|Any CPU
		{6DA1D2F1-F611-7ED9-B746-8BFB5CC05F43}.Release|Any CPU.Build.0 = Release|Any CPU
		{44B771D5-7C0D-D92C-B88F-3F5A788FDFB7}.Debug|Any CPU.ActiveCfg = Debug|Any CPU
		{44B771D5-7C0D-D92C-B88F-3F5A788FDFB7}.Debug|Any CPU.Build.0 = Debug|Any CPU
		{44B771D5-7C0D-D92C-B88F-3F5A788FDFB7}.Release|Any CPU.ActiveCfg = Release|Any CPU
		{44B771D5-7C0D-D92C-B88F-3F5A788FDFB7}.Release|Any CPU.Build.0 = Release|Any CPU
		{E92E1FD6-BD20-9FE3-E97C-445CD89909FE}.Debug|Any CPU.ActiveCfg = Debug|Any CPU
		{E92E1FD6-BD20-9FE3-E97C-445CD89909FE}.Debug|Any CPU.Build.0 = Debug|Any CPU
		{E92E1FD6-BD20-9FE3-E97C-445CD89909FE}.Release|Any CPU.ActiveCfg = Release|Any CPU
		{E92E1FD6-BD20-9FE3-E97C-445CD89909FE}.Release|Any CPU.Build.0 = Release|Any CPU
		{4A0F3111-6C35-C004-45D1-03B234F53310}.Debug|Any CPU.ActiveCfg = Debug|Any CPU
		{4A0F3111-6C35-C004-45D1-03B234F53310}.Debug|Any CPU.Build.0 = Debug|Any CPU
		{4A0F3111-6C35-C004-45D1-03B234F53310}.Release|Any CPU.ActiveCfg = Release|Any CPU
		{4A0F3111-6C35-C004-45D1-03B234F53310}.Release|Any CPU.Build.0 = Release|Any CPU
		{96E62C90-E0C1-7B9D-099A-C7D241361F69}.Debug|Any CPU.ActiveCfg = Debug|Any CPU
		{96E62C90-E0C1-7B9D-099A-C7D241361F69}.Debug|Any CPU.Build.0 = Debug|Any CPU
		{96E62C90-E0C1-7B9D-099A-C7D241361F69}.Release|Any CPU.ActiveCfg = Release|Any CPU
		{96E62C90-E0C1-7B9D-099A-C7D241361F69}.Release|Any CPU.Build.0 = Release|Any CPU
	EndGlobalSection
	GlobalSection(SolutionProperties) = preSolution
		HideSolutionNode = FALSE
	EndGlobalSection
EndGlobal
